
Microsoft Visual Studio Solution File, Format Version 12.00
# Visual Studio Version 17
VisualStudioVersion = 17.9.34622.214
MinimumVisualStudioVersion = 10.0.40219.1
Project("{FAE04EC0-301F-11D3-BF4B-00C04F79EFBC}") = "AuthanticationWebAPI", "AuthanticationWebAPI\AuthanticationWebAPI.csproj", "{AEC2B3B4-453E-4632-96C6-D82F68C8D11D}"
EndProject
Global
	GlobalSection(SolutionConfigurationPlatforms) = preSolution
		Debug|Any CPU = Debug|Any CPU
		Release|Any CPU = Release|Any CPU
	EndGlobalSection
	GlobalSection(ProjectConfigurationPlatforms) = postSolution
		{AEC2B3B4-453E-4632-96C6-D82F68C8D11D}.Debug|Any CPU.ActiveCfg = Debug|Any CPU
		{AEC2B3B4-453E-4632-96C6-D82F68C8D11D}.Debug|Any CPU.Build.0 = Debug|Any CPU
		{AEC2B3B4-453E-4632-96C6-D82F68C8D11D}.Release|Any CPU.ActiveCfg = Release|Any CPU
		{AEC2B3B4-453E-4632-96C6-D82F68C8D11D}.Release|Any CPU.Build.0 = Release|Any CPU
	EndGlobalSection
	GlobalSection(SolutionProperties) = preSolution
		HideSolutionNode = FALSE
	EndGlobalSection
	GlobalSection(ExtensibilityGlobals) = postSolution
		SolutionGuid = {F003D7F2-F275-4AE7-B14E-6F49A59CB106}
	EndGlobalSection
EndGlobal
